<?xml version="1.0" encoding="utf-8"?>
<Project ToolsVersion="4.0" xmlns="http://schemas.microsoft.com/developer/msbuild/2003">
  <ItemGroup>
    <Filter Include="Source Files">
      <UniqueIdentifier>{4FC737F1-C7A5-4376-A066-2A32D752A2FF}</UniqueIdentifier>
      <Extensions>qml;cpp;c;cc;cxx;def;odl;idl;hpj;bat;asm;asmx</Extensions>
    </Filter>
    <Filter Include="Resource Files">
      <UniqueIdentifier>{67DA6AB6-F800-4c08-8B7A-83BB121AAD01}</UniqueIdentifier>
      <Extensions>qrc;rc;ico;cur;bmp;dlg;rc2;rct;bin;rgs;gif;jpg;jpeg;jpe;resx;tiff;tif;png;wav;mfcribbon-ms</Extensions>
    </Filter>
    <Filter Include="Form Files">
      <UniqueIdentifier>{99349809-55BA-4b9d-BF79-8FDBB0286EB3}</UniqueIdentifier>
      <Extensions>ui</Extensions>
    </Filter>
    <Filter Include="Translation Files">
      <UniqueIdentifier>{639EADAA-A684-42e4-A9AD-28FC9BCB8F7C}</UniqueIdentifier>
      <Extensions>ts</Extensions>
    </Filter>
  </ItemGroup>
  <ItemGroup>
    <ClCompile Include="main.cpp">
      <Filter>Source Files</Filter>
    </ClCompile>
    <ClCompile Include="Application.cpp">
      <Filter>Source Files</Filter>
    </ClCompile>
    <ClCompile Include="Windows\MainWindow.cpp">
      <Filter>Source Files</Filter>
    </ClCompile>
    <ClCompile Include="widgets\MediaContentWidget.cpp">
      <Filter>Source Files</Filter>
    </ClCompile>
    <ClCompile Include="widgets\DirBrowserWidget.cpp">
      <Filter>Source Files</Filter>
    </ClCompile>
    <ClCompile Include="models\ImageFileSystemModel.cpp">
      <Filter>Source Files</Filter>
    </ClCompile>
    <ClCompile Include="extensions\StdImageExtPlugin.cpp">
      <Filter>Source Files</Filter>
    </ClCompile>
    <ClCompile Include="extensions\ExtPlugin.cpp">
      <Filter>Source Files</Filter>
    </ClCompile>
    <ClCompile Include="MediaItem.cpp">
      <Filter>Source Files</Filter>
    </ClCompile>
    <ClCompile Include="MediaDatabase.cpp">
      <Filter>Source Files</Filter>
    </ClCompile>
    <ClCompile Include="widgets\ThumbnailView.cpp">
      <Filter>Source Files</Filter>
    </ClCompile>
    <ClCompile Include="models\ThumbnailModel.cpp">
      <Filter>Source Files</Filter>
    </ClCompile>
    <ClCompile Include="workers\ThumbnailWorker.cpp">
      <Filter>Source Files</Filter>
    </ClCompile>
    <ClCompile Include="workers\ThumbnailRequestList.cpp">
      <Filter>Source Files</Filter>
    </ClCompile>
    <ClCompile Include="workers\ThumbnailDoneList.cpp">
      <Filter>Source Files</Filter>
    </ClCompile>
    <ClCompile Include="workers\ThumbnailThread.cpp">
      <Filter>Source Files</Filter>
    </ClCompile>
    <ClCompile Include="widgets\ImageMediaWidget.cpp">
      <Filter>Source Files</Filter>
    </ClCompile>
    <ClCompile Include="Extensions\GifImageExtPlugin.cpp">
      <Filter>Source Files</Filter>
    </ClCompile>
    <ClCompile Include="Extensions\StdVideoExtPlugin.cpp">
      <Filter>Source Files</Filter>
    </ClCompile>
    <ClCompile Include="extensions\DummyVideoSurface.cpp">
      <Filter>Source Files</Filter>
    </ClCompile>
    <ClCompile Include="widgets\AnimationMediaWidget.cpp">
      <Filter>Source Files</Filter>
    </ClCompile>
    <ClCompile Include="widgets\BaseMediaContentPlayerWidget.cpp">
      <Filter>Source Files</Filter>
    </ClCompile>
    <ClCompile Include="widgets\VideoMediaWidget.cpp">
      <Filter>Source Files</Filter>
    </ClCompile>
    <ClCompile Include="workers\MediaItemWorker.cpp">
      <Filter>Source Files</Filter>
    </ClCompile>
    <ClCompile Include="workers\MediaItemWorkerTaskList.cpp">
      <Filter>Source Files</Filter>
    </ClCompile>
    <ClCompile Include="widgets\VideoButtonsWidget.cpp">
      <Filter>Source Files</Filter>
    </ClCompile>
    <ClCompile Include="Windows\TestWindow.cpp">
      <Filter>Source Files</Filter>
    </ClCompile>
    <ClCompile Include="Windows\MoveWindow.cpp">
      <Filter>Source Files</Filter>
    </ClCompile>
  </ItemGroup>
  <ItemGroup>
    <QtMoc Include="Application.h">
      <Filter>Source Files</Filter>
    </QtMoc>
    <QtMoc Include="widgets\MediaContentWidget.h" />
    <QtMoc Include="widgets\DirBrowserWidget.h" />
    <QtMoc Include="models\ImageFileSystemModel.h" />
    <QtMoc Include="Windows\MainWindow.h">
      <Filter>Source Files</Filter>
    </QtMoc>
    <QtMoc Include="MediaDatabase.h" />
    <QtMoc Include="widgets\ThumbnailView.h" />
    <QtMoc Include="models\ThumbnailModel.h" />
    <QtMoc Include="widgets\ImageMediaWidget.h" />
    <QtMoc Include="extensions\DummyVideoSurface.h" />
    <QtMoc Include="widgets\AnimationMediaWidget.h" />
    <QtMoc Include="widgets\BaseMediaContentPlayerWidget.h" />
    <QtMoc Include="widgets\VideoMediaWidget.h" />
    <QtMoc Include="widgets\VideoButtonsWidget.h" />
    <QtMoc Include="Windows\TestWindow.h" />
    <QtMoc Include="Windows\MoveWindow.h" />
  </ItemGroup>
  <ItemGroup>
    <ClInclude Include="extensions\ExtPlugin.h" />
    <ClInclude Include="extensions\StdImageExtPlugin.h" />
    <ClInclude Include="MediaItem.h" />
    <ClInclude Include="Utils.h" />
    <ClInclude Include="workers\ThumbnailWorker.h" />
    <ClInclude Include="workers\ThumbnailRequestList.h" />
    <ClInclude Include="workers\ThumbnailDoneList.h" />
    <ClInclude Include="workers\ThumbnailThread.h" />
    <ClInclude Include="extensions\GifImageExtPlugin.h" />
    <ClInclude Include="extensions\StdVideoExtPlugin.h" />
    <ClInclude Include="workers\MediaItemWorker.h" />
    <ClInclude Include="workers\MediaItemWorkerTaskList.h" />
    <ClInclude Include="workers\MediaItemWorkerTask.h" />
  </ItemGroup>
</Project>